
Microsoft Visual Studio Solution File, Format Version 12.00
# Visual Studio Version 16
VisualStudioVersion = 16.0.29503.13
MinimumVisualStudioVersion = 10.0.40219.1
Project("{8BC9CEB8-8B4A-11D0-8D11-00A0C91BC942}") = "11", "11\11.vcxproj", "{1551BA29-D15B-433D-854E-0300BA0E1809}"
EndProject
Global
	GlobalSection(SolutionConfigurationPlatforms) = preSolution
		Debug|x64 = Debug|x64
		Debug|x86 = Debug|x86
		Release|x64 = Release|x64
		Release|x86 = Release|x86
	EndGlobalSection
	GlobalSection(ProjectConfigurationPlatforms) = postSolution
		{1551BA29-D15B-433D-854E-0300BA0E1809}.Debug|x64.ActiveCfg = Debug|x64
		{1551BA29-D15B-433D-854E-0300BA0E1809}.Debug|x64.Build.0 = Debug|x64
		{1551BA29-D15B-433D-854E-0300BA0E1809}.Debug|x86.ActiveCfg = Debug|Win32
		{1551BA29-D15B-433D-854E-0300BA0E1809}.Debug|x86.Build.0 = Debug|Win32
		{1551BA29-D15B-433D-854E-0300BA0E1809}.Release|x64.ActiveCfg = Release|x64
		{1551BA29-D15B-433D-854E-0300BA0E1809}.Release|x64.Build.0 = Release|x64
		{1551BA29-D15B-433D-854E-0300BA0E1809}.Release|x86.ActiveCfg = Release|Win32
		{1551BA29-D15B-433D-854E-0300BA0E1809}.Release|x86.Build.0 = Release|Win32
	EndGlobalSection
	GlobalSection(SolutionProperties) = preSolution
		HideSolutionNode = FALSE
	EndGlobalSection
	GlobalSection(ExtensibilityGlobals) = postSolution
		SolutionGuid = {10213055-ACEC-413C-A072-42AE85642E37}
	EndGlobalSection
EndGlobal
